
Microsoft Visual Studio Solution File, Format Version 12.00
# Visual Studio Version 17
VisualStudioVersion = 17.3.32901.215
MinimumVisualStudioVersion = 10.0.40219.1
Project("{FAE04EC0-301F-11D3-BF4B-00C04F79EFBC}") = "Lab5.3", "Lab5.3\Lab5.3.csproj", "{7CE50719-1F34-4876-ADFE-70B6D7C3144B}"
EndProject
Global
	GlobalSection(SolutionConfigurationPlatforms) = preSolution
		Debug|Any CPU = Debug|Any CPU
		Release|Any CPU = Release|Any CPU
	EndGlobalSection
	GlobalSection(ProjectConfigurationPlatforms) = postSolution
		{7CE50719-1F34-4876-ADFE-70B6D7C3144B}.Debug|Any CPU.ActiveCfg = Debug|Any CPU
		{7CE50719-1F34-4876-ADFE-70B6D7C3144B}.Debug|Any CPU.Build.0 = Debug|Any CPU
		{7CE50719-1F34-4876-ADFE-70B6D7C3144B}.Release|Any CPU.ActiveCfg = Release|Any CPU
		{7CE50719-1F34-4876-ADFE-70B6D7C3144B}.Release|Any CPU.Build.0 = Release|Any CPU
	EndGlobalSection
	GlobalSection(SolutionProperties) = preSolution
		HideSolutionNode = FALSE
	EndGlobalSection
	GlobalSection(ExtensibilityGlobals) = postSolution
		SolutionGuid = {239CB5EE-3301-44C9-BA8B-C9E9D97DEC05}
	EndGlobalSection
EndGlobal
